
Microsoft Visual Studio Solution File, Format Version 12.00
# Visual Studio Version 17
VisualStudioVersion = 17.13.35931.197 d17.13
MinimumVisualStudioVersion = 10.0.40219.1
Project("{FAE04EC0-301F-11D3-BF4B-00C04F79EFBC}") = "ConsoleApp1", "ConsoleApp1\ConsoleApp1.csproj", "{B15115D6-8EC8-49D6-8FFC-A842D28C4846}"
EndProject
Global
	GlobalSection(SolutionConfigurationPlatforms) = preSolution
		Debug|Any CPU = Debug|Any CPU
		Release|Any CPU = Release|Any CPU
	EndGlobalSection
	GlobalSection(ProjectConfigurationPlatforms) = postSolution
		{B15115D6-8EC8-49D6-8FFC-A842D28C4846}.Debug|Any CPU.ActiveCfg = Debug|Any CPU
		{B15115D6-8EC8-49D6-8FFC-A842D28C4846}.Debug|Any CPU.Build.0 = Debug|Any CPU
		{B15115D6-8EC8-49D6-8FFC-A842D28C4846}.Release|Any CPU.ActiveCfg = Release|Any CPU
		{B15115D6-8EC8-49D6-8FFC-A842D28C4846}.Release|Any CPU.Build.0 = Release|Any CPU
	EndGlobalSection
	GlobalSection(SolutionProperties) = preSolution
		HideSolutionNode = FALSE
	EndGlobalSection
	GlobalSection(ExtensibilityGlobals) = postSolution
		SolutionGuid = {42AF7219-04B8-44A3-9E6B-2EF6E0A204B4}
	EndGlobalSection
EndGlobal
